{
  "name": "books-esperanto-parser",
  "version": "1.0.0",
  "lockfileVersion": 1,
  "requires": true,
  "dependencies": {
    "himalaya": {
      "version": "1.1.0",
      "resolved": "https://registry.npmjs.org/himalaya/-/himalaya-1.1.0.tgz",
      "integrity": "sha512-LLase1dHCRMel68/HZTFft0N0wti0epHr3nNY7ynpLbyZpmrKMQ8YIpiOV77TM97cNpC8Wb2n6f66IRggwdWPw=="
    },
    "iconv": {
      "version": "3.0.1",
      "resolved": "https://registry.npmjs.org/iconv/-/iconv-3.0.1.tgz",
      "integrity": "sha512-lJnFLxVc0d82R7GfU7a9RujKVUQ3Eee19tPKWZWBJtAEGRHVEyFzCtbNl3GPKuDnHBBRT4/nDS4Ru9AIDT72qA=="
    }
  }
}
